
Microsoft Visual Studio Solution File, Format Version 12.00
# Visual Studio Version 17
VisualStudioVersion = 17.11.35303.130
MinimumVisualStudioVersion = 10.0.40219.1
Project("{2150E333-8FDC-42A3-9474-1A3956D46DE8}") = "Task0", "Task0", "{616835B2-4969-4595-9E57-274172D17967}"
EndProject
Project("{9A19103F-16F7-4668-BE54-9A1E7A4F7556}") = "Tyuiu.TiasinIA.Sprint1.Task0.V23", "Tyuiu.TiasinIA.Sprint1.Task0.V23\Tyuiu.TiasinIA.Sprint1.Task0.V23.csproj", "{3A16D2D2-2CAE-4142-9DEA-8533B063A1D9}"
EndProject
Project("{9A19103F-16F7-4668-BE54-9A1E7A4F7556}") = "Tyuiu.TiasinIA.Sprint1.Task0.V23.Lib", "Tyuiu.TiasinIA.Sprint1.Task0.V23.Lib\Tyuiu.TiasinIA.Sprint1.Task0.V23.Lib.csproj", "{8A2FC3E7-98DF-49CF-9DAF-74650608B405}"
EndProject
Project("{9A19103F-16F7-4668-BE54-9A1E7A4F7556}") = "Tyuiu.TiasinIA.Sprint1.Task0.V23.Test", "Tyuiu.TiasinIA.Sprint1.Task0.V23.Test\Tyuiu.TiasinIA.Sprint1.Task0.V23.Test.csproj", "{41D90AB1-741F-4E81-8B7A-91B6E2B14A22}"
EndProject
Project("{2150E333-8FDC-42A3-9474-1A3956D46DE8}") = "Task1", "Task1", "{E2DB8034-2522-484C-9833-64AC057ACF6A}"
EndProject
Project("{9A19103F-16F7-4668-BE54-9A1E7A4F7556}") = "Tyuiu.TiasinIA.Sprint1.Task1.V25", "Tyuiu.TiasinIA.Sprint1.Task1.V25\Tyuiu.TiasinIA.Sprint1.Task1.V25.csproj", "{D07412CC-1AD6-413F-9CEC-64E228A35CE5}"
EndProject
Project("{9A19103F-16F7-4668-BE54-9A1E7A4F7556}") = "Tyuiu.TiasinIA.Sprint1.Task1.V25.Lib", "Tyuiu.TiasinIA.Sprint1.Task1.V25.Lib\Tyuiu.TiasinIA.Sprint1.Task1.V25.Lib.csproj", "{0008D808-411D-4973-A9F5-24C97E3883B5}"
EndProject
Project("{9A19103F-16F7-4668-BE54-9A1E7A4F7556}") = "Tyuiu.TiasinIA.Sprint1.Task1.V25.Test", "Tyuiu.TiasinIA.Sprint1.Task1.V25.Test\Tyuiu.TiasinIA.Sprint1.Task1.V25.Test.csproj", "{39D95B50-E2DF-4004-9677-21AD25EC7134}"
EndProject
Project("{2150E333-8FDC-42A3-9474-1A3956D46DE8}") = "Task2", "Task2", "{3F3C0819-437B-4387-93B4-4618F4D6E8E4}"
EndProject
Project("{9A19103F-16F7-4668-BE54-9A1E7A4F7556}") = "Tyuiu.TiasinIA.Sprint1.Task2.V30", "Tyuiu.TiasinIA.Sprint1.Task2.V30\Tyuiu.TiasinIA.Sprint1.Task2.V30.csproj", "{49CBC723-3616-4E4F-98F8-416A46640C7D}"
EndProject
Project("{9A19103F-16F7-4668-BE54-9A1E7A4F7556}") = "Tyuiu.TiasinIA.Sprint1.Task2.V30.Lib", "Tyuiu.TiasinIA.Sprint1.Task2.V30.Lib\Tyuiu.TiasinIA.Sprint1.Task2.V30.Lib.csproj", "{AD9AD13F-F7C3-44EE-B959-108128FA6E53}"
EndProject
Project("{9A19103F-16F7-4668-BE54-9A1E7A4F7556}") = "Tyuiu.TiasinIA.Sprint1.Task2.V30.Test", "Tyuiu.TiasinIA.Sprint1.Task2.V30.Test\Tyuiu.TiasinIA.Sprint1.Task2.V30.Test.csproj", "{17F995C7-BC3B-4760-9E8A-9202FEE02F9F}"
EndProject
Project("{2150E333-8FDC-42A3-9474-1A3956D46DE8}") = "Task3", "Task3", "{80FC84D3-5106-494F-9335-FF9D794E5C0E}"
EndProject
Project("{FAE04EC0-301F-11D3-BF4B-00C04F79EFBC}") = "Tyuiu.TiasinIA.Sprint1.Task3.V5", "Tyuiu.TiasinIA.Sprint1.Task3.V5\Tyuiu.TiasinIA.Sprint1.Task3.V5.csproj", "{06CA22C8-0176-404B-9DCF-26D46ADFE0F5}"
EndProject
Project("{FAE04EC0-301F-11D3-BF4B-00C04F79EFBC}") = "Tyuiu.TiasinIA.Sprint1.Task3.V5.Lib", "Tyuiu.TiasinIA.Sprint1.Task3.V5.Lib\Tyuiu.TiasinIA.Sprint1.Task3.V5.Lib.csproj", "{9338FC5B-638A-48D5-BE8D-319181BB958A}"
EndProject
Project("{FAE04EC0-301F-11D3-BF4B-00C04F79EFBC}") = "Tyuiu.TiasinIA.Sprint1.Task3.V5.Test", "Tyuiu.TiasinIA.Sprint1.Task3.V5.Test\Tyuiu.TiasinIA.Sprint1.Task3.V5.Test.csproj", "{C88A8834-8FCD-40F4-9180-08360D402195}"
EndProject
Project("{2150E333-8FDC-42A3-9474-1A3956D46DE8}") = "Task4", "Task4", "{6D44EB7F-174A-46AA-9106-EE1E9F75178C}"
EndProject
Project("{FAE04EC0-301F-11D3-BF4B-00C04F79EFBC}") = "Tyuiu.TiasinIA.Sprint1.Task4.V23", "Tyuiu.TiasinIA.Sprint1.Task4.V23\Tyuiu.TiasinIA.Sprint1.Task4.V23.csproj", "{4338327C-4B64-43E0-9058-0A921910E691}"
EndProject
Project("{FAE04EC0-301F-11D3-BF4B-00C04F79EFBC}") = "Tyuiu.TiasinIA.Sprint1.Task4.V23.Lib", "Tyuiu.TiasinIA.Sprint1.Task4.V23.Lib\Tyuiu.TiasinIA.Sprint1.Task4.V23.Lib.csproj", "{A7DCA799-BDFA-489E-A1A3-125B3F83C0F3}"
EndProject
Project("{FAE04EC0-301F-11D3-BF4B-00C04F79EFBC}") = "Tyuiu.TiasinIA.Sprint1.Task4.V23.Test", "Tyuiu.TiasinIA.Sprint1.Task4.V23.Test\Tyuiu.TiasinIA.Sprint1.Task4.V23.Test.csproj", "{99A4DD96-336A-4E1B-8E3F-67856CF92A26}"
EndProject
Global
	GlobalSection(SolutionConfigurationPlatforms) = preSolution
		Debug|Any CPU = Debug|Any CPU
		Release|Any CPU = Release|Any CPU
	EndGlobalSection
	GlobalSection(ProjectConfigurationPlatforms) = postSolution
		{3A16D2D2-2CAE-4142-9DEA-8533B063A1D9}.Debug|Any CPU.ActiveCfg = Debug|Any CPU
		{3A16D2D2-2CAE-4142-9DEA-8533B063A1D9}.Debug|Any CPU.Build.0 = Debug|Any CPU
		{3A16D2D2-2CAE-4142-9DEA-8533B063A1D9}.Release|Any CPU.ActiveCfg = Release|Any CPU
		{3A16D2D2-2CAE-4142-9DEA-8533B063A1D9}.Release|Any CPU.Build.0 = Release|Any CPU
		{8A2FC3E7-98DF-49CF-9DAF-74650608B405}.Debug|Any CPU.ActiveCfg = Debug|Any CPU
		{8A2FC3E7-98DF-49CF-9DAF-74650608B405}.Debug|Any CPU.Build.0 = Debug|Any CPU
		{8A2FC3E7-98DF-49CF-9DAF-74650608B405}.Release|Any CPU.ActiveCfg = Release|Any CPU
		{8A2FC3E7-98DF-49CF-9DAF-74650608B405}.Release|Any CPU.Build.0 = Release|Any CPU
		{41D90AB1-741F-4E81-8B7A-91B6E2B14A22}.Debug|Any CPU.ActiveCfg = Debug|Any CPU
		{41D90AB1-741F-4E81-8B7A-91B6E2B14A22}.Debug|Any CPU.Build.0 = Debug|Any CPU
		{41D90AB1-741F-4E81-8B7A-91B6E2B14A22}.Release|Any CPU.ActiveCfg = Release|Any CPU
		{41D90AB1-741F-4E81-8B7A-91B6E2B14A22}.Release|Any CPU.Build.0 = Release|Any CPU
		{D07412CC-1AD6-413F-9CEC-64E228A35CE5}.Debug|Any CPU.ActiveCfg = Debug|Any CPU
		{D07412CC-1AD6-413F-9CEC-64E228A35CE5}.Debug|Any CPU.Build.0 = Debug|Any CPU
		{D07412CC-1AD6-413F-9CEC-64E228A35CE5}.Release|Any CPU.ActiveCfg = Release|Any CPU
		{D07412CC-1AD6-413F-9CEC-64E228A35CE5}.Release|Any CPU.Build.0 = Release|Any CPU
		{0008D808-411D-4973-A9F5-24C97E3883B5}.Debug|Any CPU.ActiveCfg = Debug|Any CPU
		{0008D808-411D-4973-A9F5-24C97E3883B5}.Debug|Any CPU.Build.0 = Debug|Any CPU
		{0008D808-411D-4973-A9F5-24C97E3883B5}.Release|Any CPU.ActiveCfg = Release|Any CPU
		{0008D808-411D-4973-A9F5-24C97E3883B5}.Release|Any CPU.Build.0 = Release|Any CPU
		{39D95B50-E2DF-4004-9677-21AD25EC7134}.Debug|Any CPU.ActiveCfg = Debug|Any CPU
		{39D95B50-E2DF-4004-9677-21AD25EC7134}.Debug|Any CPU.Build.0 = Debug|Any CPU
		{39D95B50-E2DF-4004-9677-21AD25EC7134}.Release|Any CPU.ActiveCfg = Release|Any CPU
		{39D95B50-E2DF-4004-9677-21AD25EC7134}.Release|Any CPU.Build.0 = Release|Any CPU
		{49CBC723-3616-4E4F-98F8-416A46640C7D}.Debug|Any CPU.ActiveCfg = Debug|Any CPU
		{49CBC723-3616-4E4F-98F8-416A46640C7D}.Debug|Any CPU.Build.0 = Debug|Any CPU
		{49CBC723-3616-4E4F-98F8-416A46640C7D}.Release|Any CPU.ActiveCfg = Release|Any CPU
		{49CBC723-3616-4E4F-98F8-416A46640C7D}.Release|Any CPU.Build.0 = Release|Any CPU
		{AD9AD13F-F7C3-44EE-B959-108128FA6E53}.Debug|Any CPU.ActiveCfg = Debug|Any CPU
		{AD9AD13F-F7C3-44EE-B959-108128FA6E53}.Debug|Any CPU.Build.0 = Debug|Any CPU
		{AD9AD13F-F7C3-44EE-B959-108128FA6E53}.Release|Any CPU.ActiveCfg = Release|Any CPU
		{AD9AD13F-F7C3-44EE-B959-108128FA6E53}.Release|Any CPU.Build.0 = Release|Any CPU
		{17F995C7-BC3B-4760-9E8A-9202FEE02F9F}.Debug|Any CPU.ActiveCfg = Debug|Any CPU
		{17F995C7-BC3B-4760-9E8A-9202FEE02F9F}.Debug|Any CPU.Build.0 = Debug|Any CPU
		{17F995C7-BC3B-4760-9E8A-9202FEE02F9F}.Release|Any CPU.ActiveCfg = Release|Any CPU
		{17F995C7-BC3B-4760-9E8A-9202FEE02F9F}.Release|Any CPU.Build.0 = Release|Any CPU
		{06CA22C8-0176-404B-9DCF-26D46ADFE0F5}.Debug|Any CPU.ActiveCfg = Debug|Any CPU
		{06CA22C8-0176-404B-9DCF-26D46ADFE0F5}.Debug|Any CPU.Build.0 = Debug|Any CPU
		{06CA22C8-0176-404B-9DCF-26D46ADFE0F5}.Release|Any CPU.ActiveCfg = Release|Any CPU
		{06CA22C8-0176-404B-9DCF-26D46ADFE0F5}.Release|Any CPU.Build.0 = Release|Any CPU
		{9338FC5B-638A-48D5-BE8D-319181BB958A}.Debug|Any CPU.ActiveCfg = Debug|Any CPU
		{9338FC5B-638A-48D5-BE8D-319181BB958A}.Debug|Any CPU.Build.0 = Debug|Any CPU
		{9338FC5B-638A-48D5-BE8D-319181BB958A}.Release|Any CPU.ActiveCfg = Release|Any CPU
		{9338FC5B-638A-48D5-BE8D-319181BB958A}.Release|Any CPU.Build.0 = Release|Any CPU
		{C88A8834-8FCD-40F4-9180-08360D402195}.Debug|Any CPU.ActiveCfg = Debug|Any CPU
		{C88A8834-8FCD-40F4-9180-08360D402195}.Debug|Any CPU.Build.0 = Debug|Any CPU
		{C88A8834-8FCD-40F4-9180-08360D402195}.Release|Any CPU.ActiveCfg = Release|Any CPU
		{C88A8834-8FCD-40F4-9180-08360D402195}.Release|Any CPU.Build.0 = Release|Any CPU
		{4338327C-4B64-43E0-9058-0A921910E691}.Debug|Any CPU.ActiveCfg = Debug|Any CPU
		{4338327C-4B64-43E0-9058-0A921910E691}.Debug|Any CPU.Build.0 = Debug|Any CPU
		{4338327C-4B64-43E0-9058-0A921910E691}.Release|Any CPU.ActiveCfg = Release|Any CPU
		{4338327C-4B64-43E0-9058-0A921910E691}.Release|Any CPU.Build.0 = Release|Any CPU
		{A7DCA799-BDFA-489E-A1A3-125B3F83C0F3}.Debug|Any CPU.ActiveCfg = Debug|Any CPU
		{A7DCA799-BDFA-489E-A1A3-125B3F83C0F3}.Debug|Any CPU.Build.0 = Debug|Any CPU
		{A7DCA799-BDFA-489E-A1A3-125B3F83C0F3}.Release|Any CPU.ActiveCfg = Release|Any CPU
		{A7DCA799-BDFA-489E-A1A3-125B3F83C0F3}.Release|Any CPU.Build.0 = Release|Any CPU
		{99A4DD96-336A-4E1B-8E3F-67856CF92A26}.Debug|Any CPU.ActiveCfg = Debug|Any CPU
		{99A4DD96-336A-4E1B-8E3F-67856CF92A26}.Debug|Any CPU.Build.0 = Debug|Any CPU
		{99A4DD96-336A-4E1B-8E3F-67856CF92A26}.Release|Any CPU.ActiveCfg = Release|Any CPU
		{99A4DD96-336A-4E1B-8E3F-67856CF92A26}.Release|Any CPU.Build.0 = Release|Any CPU
	EndGlobalSection
	GlobalSection(SolutionProperties) = preSolution
		HideSolutionNode = FALSE
	EndGlobalSection
	GlobalSection(NestedProjects) = preSolution
		{3A16D2D2-2CAE-4142-9DEA-8533B063A1D9} = {616835B2-4969-4595-9E57-274172D17967}
		{8A2FC3E7-98DF-49CF-9DAF-74650608B405} = {616835B2-4969-4595-9E57-274172D17967}
		{41D90AB1-741F-4E81-8B7A-91B6E2B14A22} = {616835B2-4969-4595-9E57-274172D17967}
		{D07412CC-1AD6-413F-9CEC-64E228A35CE5} = {E2DB8034-2522-484C-9833-64AC057ACF6A}
		{0008D808-411D-4973-A9F5-24C97E3883B5} = {E2DB8034-2522-484C-9833-64AC057ACF6A}
		{39D95B50-E2DF-4004-9677-21AD25EC7134} = {E2DB8034-2522-484C-9833-64AC057ACF6A}
		{49CBC723-3616-4E4F-98F8-416A46640C7D} = {3F3C0819-437B-4387-93B4-4618F4D6E8E4}
		{AD9AD13F-F7C3-44EE-B959-108128FA6E53} = {3F3C0819-437B-4387-93B4-4618F4D6E8E4}
		{17F995C7-BC3B-4760-9E8A-9202FEE02F9F} = {3F3C0819-437B-4387-93B4-4618F4D6E8E4}
		{06CA22C8-0176-404B-9DCF-26D46ADFE0F5} = {80FC84D3-5106-494F-9335-FF9D794E5C0E}
		{9338FC5B-638A-48D5-BE8D-319181BB958A} = {80FC84D3-5106-494F-9335-FF9D794E5C0E}
		{C88A8834-8FCD-40F4-9180-08360D402195} = {80FC84D3-5106-494F-9335-FF9D794E5C0E}
		{4338327C-4B64-43E0-9058-0A921910E691} = {6D44EB7F-174A-46AA-9106-EE1E9F75178C}
		{A7DCA799-BDFA-489E-A1A3-125B3F83C0F3} = {6D44EB7F-174A-46AA-9106-EE1E9F75178C}
		{99A4DD96-336A-4E1B-8E3F-67856CF92A26} = {6D44EB7F-174A-46AA-9106-EE1E9F75178C}
	EndGlobalSection
	GlobalSection(ExtensibilityGlobals) = postSolution
		SolutionGuid = {536CCA7F-B3C6-40AA-8BDC-02099EDF4011}
	EndGlobalSection
EndGlobal
